
Microsoft Visual Studio Solution File, Format Version 12.00
# Visual Studio 15
VisualStudioVersion = 15.0.27703.2042
MinimumVisualStudioVersion = 10.0.40219.1
Project("{FAE04EC0-301F-11D3-BF4B-00C04F79EFBC}") = "Tutorial3", "Tutorial3\Tutorial3.csproj", "{FF83EF15-8FE4-4266-9464-3DB523C6141E}"
EndProject
Global
	GlobalSection(SolutionConfigurationPlatforms) = preSolution
		Debug|Any CPU = Debug|Any CPU
		Release|Any CPU = Release|Any CPU
	EndGlobalSection
	GlobalSection(ProjectConfigurationPlatforms) = postSolution
		{FF83EF15-8FE4-4266-9464-3DB523C6141E}.Debug|Any CPU.ActiveCfg = Debug|Any CPU
		{FF83EF15-8FE4-4266-9464-3DB523C6141E}.Debug|Any CPU.Build.0 = Debug|Any CPU
		{FF83EF15-8FE4-4266-9464-3DB523C6141E}.Release|Any CPU.ActiveCfg = Release|Any CPU
		{FF83EF15-8FE4-4266-9464-3DB523C6141E}.Release|Any CPU.Build.0 = Release|Any CPU
	EndGlobalSection
	GlobalSection(SolutionProperties) = preSolution
		HideSolutionNode = FALSE
	EndGlobalSection
	GlobalSection(ExtensibilityGlobals) = postSolution
		SolutionGuid = {EAD67F9D-C7C7-4378-836B-5DAF040AC446}
	EndGlobalSection
EndGlobal
