
Microsoft Visual Studio Solution File, Format Version 12.00
# Visual Studio 15
VisualStudioVersion = 15.0.28010.2026
MinimumVisualStudioVersion = 10.0.40219.1
Project("{FAE04EC0-301F-11D3-BF4B-00C04F79EFBC}") = "AbstractFactoryLibrary", "AbstractFactoryLibrary\AbstractFactoryLibrary.csproj", "{0F4442CC-1809-485E-9662-C070EF4744B7}"
EndProject
Project("{FAE04EC0-301F-11D3-BF4B-00C04F79EFBC}") = "AbstractFactoryForm", "AbstractFactoryForm\AbstractFactoryForm.csproj", "{F1596EC4-9A0E-4D59-9A84-7DE06D5CD7CA}"
EndProject
Global
	GlobalSection(SolutionConfigurationPlatforms) = preSolution
		Debug|Any CPU = Debug|Any CPU
		Release|Any CPU = Release|Any CPU
	EndGlobalSection
	GlobalSection(ProjectConfigurationPlatforms) = postSolution
		{0F4442CC-1809-485E-9662-C070EF4744B7}.Debug|Any CPU.ActiveCfg = Debug|Any CPU
		{0F4442CC-1809-485E-9662-C070EF4744B7}.Debug|Any CPU.Build.0 = Debug|Any CPU
		{0F4442CC-1809-485E-9662-C070EF4744B7}.Release|Any CPU.ActiveCfg = Release|Any CPU
		{0F4442CC-1809-485E-9662-C070EF4744B7}.Release|Any CPU.Build.0 = Release|Any CPU
		{F1596EC4-9A0E-4D59-9A84-7DE06D5CD7CA}.Debug|Any CPU.ActiveCfg = Debug|Any CPU
		{F1596EC4-9A0E-4D59-9A84-7DE06D5CD7CA}.Debug|Any CPU.Build.0 = Debug|Any CPU
		{F1596EC4-9A0E-4D59-9A84-7DE06D5CD7CA}.Release|Any CPU.ActiveCfg = Release|Any CPU
		{F1596EC4-9A0E-4D59-9A84-7DE06D5CD7CA}.Release|Any CPU.Build.0 = Release|Any CPU
	EndGlobalSection
	GlobalSection(SolutionProperties) = preSolution
		HideSolutionNode = FALSE
	EndGlobalSection
	GlobalSection(ExtensibilityGlobals) = postSolution
		SolutionGuid = {1A5A83AF-B06E-4E67-B9F5-C60B0CBAA81F}
	EndGlobalSection
EndGlobal
