
Microsoft Visual Studio Solution File, Format Version 12.00
# Visual Studio 15
VisualStudioVersion = 15.0.28010.2003
MinimumVisualStudioVersion = 10.0.40219.1
Project("{FAE04EC0-301F-11D3-BF4B-00C04F79EFBC}") = "SimpleFactoryLibrary", "SimpleFactoryLibrary\SimpleFactoryLibrary.csproj", "{894DC212-B8F9-40CF-8B0C-F285FF0D2411}"
EndProject
Project("{FAE04EC0-301F-11D3-BF4B-00C04F79EFBC}") = "SimpleFactoryForm", "SimpleFactoryForm\SimpleFactoryForm.csproj", "{1747E5FC-B957-44B8-9E02-6F3CC645050A}"
EndProject
Global
	GlobalSection(SolutionConfigurationPlatforms) = preSolution
		Debug|Any CPU = Debug|Any CPU
		Release|Any CPU = Release|Any CPU
	EndGlobalSection
	GlobalSection(ProjectConfigurationPlatforms) = postSolution
		{894DC212-B8F9-40CF-8B0C-F285FF0D2411}.Debug|Any CPU.ActiveCfg = Debug|Any CPU
		{894DC212-B8F9-40CF-8B0C-F285FF0D2411}.Debug|Any CPU.Build.0 = Debug|Any CPU
		{894DC212-B8F9-40CF-8B0C-F285FF0D2411}.Release|Any CPU.ActiveCfg = Release|Any CPU
		{894DC212-B8F9-40CF-8B0C-F285FF0D2411}.Release|Any CPU.Build.0 = Release|Any CPU
		{1747E5FC-B957-44B8-9E02-6F3CC645050A}.Debug|Any CPU.ActiveCfg = Debug|Any CPU
		{1747E5FC-B957-44B8-9E02-6F3CC645050A}.Debug|Any CPU.Build.0 = Debug|Any CPU
		{1747E5FC-B957-44B8-9E02-6F3CC645050A}.Release|Any CPU.ActiveCfg = Release|Any CPU
		{1747E5FC-B957-44B8-9E02-6F3CC645050A}.Release|Any CPU.Build.0 = Release|Any CPU
	EndGlobalSection
	GlobalSection(SolutionProperties) = preSolution
		HideSolutionNode = FALSE
	EndGlobalSection
	GlobalSection(ExtensibilityGlobals) = postSolution
		SolutionGuid = {B36F89A4-329A-4B4D-9AE3-7997CAD0E7DD}
	EndGlobalSection
EndGlobal
