
Microsoft Visual Studio Solution File, Format Version 12.00
# Visual Studio 15
VisualStudioVersion = 15.0.27004.2006
MinimumVisualStudioVersion = 10.0.40219.1
Project("{FAE04EC0-301F-11D3-BF4B-00C04F79EFBC}") = "TheatreBookingLib", "TheatreBooking\TheatreBookingLib.csproj", "{14AD2BE9-9223-4E02-A2E2-BA55014E8ABF}"
EndProject
Project("{FAE04EC0-301F-11D3-BF4B-00C04F79EFBC}") = "UnitTestTheatre", "UnitTestTheatre\UnitTestTheatre.csproj", "{65E83C61-C06F-4845-B30F-9E8B48881243}"
EndProject
Global
	GlobalSection(SolutionConfigurationPlatforms) = preSolution
		Debug|Any CPU = Debug|Any CPU
		Release|Any CPU = Release|Any CPU
	EndGlobalSection
	GlobalSection(ProjectConfigurationPlatforms) = postSolution
		{14AD2BE9-9223-4E02-A2E2-BA55014E8ABF}.Debug|Any CPU.ActiveCfg = Debug|Any CPU
		{14AD2BE9-9223-4E02-A2E2-BA55014E8ABF}.Debug|Any CPU.Build.0 = Debug|Any CPU
		{14AD2BE9-9223-4E02-A2E2-BA55014E8ABF}.Release|Any CPU.ActiveCfg = Release|Any CPU
		{14AD2BE9-9223-4E02-A2E2-BA55014E8ABF}.Release|Any CPU.Build.0 = Release|Any CPU
		{65E83C61-C06F-4845-B30F-9E8B48881243}.Debug|Any CPU.ActiveCfg = Debug|Any CPU
		{65E83C61-C06F-4845-B30F-9E8B48881243}.Debug|Any CPU.Build.0 = Debug|Any CPU
		{65E83C61-C06F-4845-B30F-9E8B48881243}.Release|Any CPU.ActiveCfg = Release|Any CPU
		{65E83C61-C06F-4845-B30F-9E8B48881243}.Release|Any CPU.Build.0 = Release|Any CPU
	EndGlobalSection
	GlobalSection(SolutionProperties) = preSolution
		HideSolutionNode = FALSE
	EndGlobalSection
	GlobalSection(ExtensibilityGlobals) = postSolution
		SolutionGuid = {BBC23639-6D30-4374-8219-3EEFC74DF34C}
	EndGlobalSection
EndGlobal
